
Microsoft Visual Studio Solution File, Format Version 12.00
# Visual Studio Version 17
VisualStudioVersion = 17.3.32922.545
MinimumVisualStudioVersion = 10.0.40219.1
Project("{2150E333-8FDC-42A3-9474-1A3956D46DE8}") = "Solution Items", "Solution Items", "{5E099E7F-FB12-431F-98F5-3247369BBB06}"
	ProjectSection(SolutionItems) = preProject
		.gitignore = .gitignore
		LICENSE = LICENSE
		README.md = README.md
	EndProjectSection
EndProject
Project("{FAE04EC0-301F-11D3-BF4B-00C04F79EFBC}") = "dict", "dict\dict.csproj", "{AF6AD5B9-BE39-4B67-A2F4-9E897480E696}"
EndProject
Global
	GlobalSection(SolutionConfigurationPlatforms) = preSolution
		Debug|Any CPU = Debug|Any CPU
		Release|Any CPU = Release|Any CPU
	EndGlobalSection
	GlobalSection(ProjectConfigurationPlatforms) = postSolution
		{AF6AD5B9-BE39-4B67-A2F4-9E897480E696}.Debug|Any CPU.ActiveCfg = Debug|Any CPU
		{AF6AD5B9-BE39-4B67-A2F4-9E897480E696}.Debug|Any CPU.Build.0 = Debug|Any CPU
		{AF6AD5B9-BE39-4B67-A2F4-9E897480E696}.Release|Any CPU.ActiveCfg = Release|Any CPU
		{AF6AD5B9-BE39-4B67-A2F4-9E897480E696}.Release|Any CPU.Build.0 = Release|Any CPU
	EndGlobalSection
	GlobalSection(SolutionProperties) = preSolution
		HideSolutionNode = FALSE
	EndGlobalSection
	GlobalSection(ExtensibilityGlobals) = postSolution
		SolutionGuid = {EEA52786-671F-4226-972C-F4DD7586C377}
	EndGlobalSection
EndGlobal
